
Microsoft Visual Studio Solution File, Format Version 12.00
# Visual Studio Version 16
VisualStudioVersion = 16.0.29424.173
MinimumVisualStudioVersion = 10.0.40219.1
Project("{9A19103F-16F7-4668-BE54-9A1E7A4F7556}") = "AspNetCoreDemo", "AspNetCoreDemo\AspNetCoreDemo.csproj", "{FA08D1A2-B4D6-4805-BC6C-3E8A3A96B713}"
EndProject
Project("{FAE04EC0-301F-11D3-BF4B-00C04F79EFBC}") = "IHttpClientFactoryConsoleAppDemo", "IHttpClientFactoryConsoleAppDemo\IHttpClientFactoryConsoleAppDemo.csproj", "{3D84B61F-A35E-42B7-B933-8B6B49501C8B}"
EndProject
Global
	GlobalSection(SolutionConfigurationPlatforms) = preSolution
		Debug|Any CPU = Debug|Any CPU
		Release|Any CPU = Release|Any CPU
	EndGlobalSection
	GlobalSection(ProjectConfigurationPlatforms) = postSolution
		{FA08D1A2-B4D6-4805-BC6C-3E8A3A96B713}.Debug|Any CPU.ActiveCfg = Debug|Any CPU
		{FA08D1A2-B4D6-4805-BC6C-3E8A3A96B713}.Debug|Any CPU.Build.0 = Debug|Any CPU
		{FA08D1A2-B4D6-4805-BC6C-3E8A3A96B713}.Release|Any CPU.ActiveCfg = Release|Any CPU
		{FA08D1A2-B4D6-4805-BC6C-3E8A3A96B713}.Release|Any CPU.Build.0 = Release|Any CPU
		{3D84B61F-A35E-42B7-B933-8B6B49501C8B}.Debug|Any CPU.ActiveCfg = Debug|Any CPU
		{3D84B61F-A35E-42B7-B933-8B6B49501C8B}.Debug|Any CPU.Build.0 = Debug|Any CPU
		{3D84B61F-A35E-42B7-B933-8B6B49501C8B}.Release|Any CPU.ActiveCfg = Release|Any CPU
		{3D84B61F-A35E-42B7-B933-8B6B49501C8B}.Release|Any CPU.Build.0 = Release|Any CPU
	EndGlobalSection
	GlobalSection(SolutionProperties) = preSolution
		HideSolutionNode = FALSE
	EndGlobalSection
	GlobalSection(ExtensibilityGlobals) = postSolution
		SolutionGuid = {CCD2EB2E-7F60-4375-87D8-DBA97984D3DA}
	EndGlobalSection
EndGlobal
